// !$*UTF8*$!
{
	archiveVersion = 1;
	classes = {
	};
	objectVersion = 48;
	objects = {

/* Begin PBXBuildFile section */
		2116694527059247F16085D6 /* Pods_CarsRealm.framework in Frameworks */ = {isa = PBXBuildFile; fileRef = 5BC96F25BBE11DB27371D25E /* Pods_CarsRealm.framework */; };
		A361701F2098EF3C00B75875 /* AppDelegate.swift in Sources */ = {isa = PBXBuildFile; fileRef = A361701E2098EF3C00B75875 /* AppDelegate.swift */; };
		A36170242098EF3C00B75875 /* Main.storyboard in Resources */ = {isa = PBXBuildFile; fileRef = A36170222098EF3C00B75875 /* Main.storyboard */; };
		A36170262098EF3C00B75875 /* Assets.xcassets in Resources */ = {isa = PBXBuildFile; fileRef = A36170252098EF3C00B75875 /* Assets.xcassets */; };
		A36170292098EF3C00B75875 /* LaunchScreen.storyboard in Resources */ = {isa = PBXBuildFile; fileRef = A36170272098EF3C00B75875 /* LaunchScreen.storyboard */; };
		A36170332098F45300B75875 /* MainViewController.swift in Sources */ = {isa = PBXBuildFile; fileRef = A36170322098F45300B75875 /* MainViewController.swift */; };
		A36170352098F46300B75875 /* AddViewController.swift in Sources */ = {isa = PBXBuildFile; fileRef = A36170342098F46300B75875 /* AddViewController.swift */; };
		A36170372098F46F00B75875 /* FilterViewController.swift in Sources */ = {isa = PBXBuildFile; fileRef = A36170362098F46F00B75875 /* FilterViewController.swift */; };
		A36170392098F4BF00B75875 /* CarTableViewCell.swift in Sources */ = {isa = PBXBuildFile; fileRef = A36170382098F4BF00B75875 /* CarTableViewCell.swift */; };
		A361703B2098F5BF00B75875 /* Car.swift in Sources */ = {isa = PBXBuildFile; fileRef = A361703A2098F5BF00B75875 /* Car.swift */; };
		A361703D2098FD1200B75875 /* DataController.swift in Sources */ = {isa = PBXBuildFile; fileRef = A361703C2098FD1200B75875 /* DataController.swift */; };
		A3929BC2209A5AF50034A710 /* MigrationHandler.swift in Sources */ = {isa = PBXBuildFile; fileRef = A3929BC1209A5AF50034A710 /* MigrationHandler.swift */; };
		A3929BC4209A615D0034A710 /* MigrationOne.swift in Sources */ = {isa = PBXBuildFile; fileRef = A3929BC3209A615D0034A710 /* MigrationOne.swift */; };
		A3999459209BBE5800BCE6E2 /* SoldCarTableViewCell.swift in Sources */ = {isa = PBXBuildFile; fileRef = A3999458209BBE5800BCE6E2 /* SoldCarTableViewCell.swift */; };
		A399945B209BBF2900BCE6E2 /* CarSoldViewController.swift in Sources */ = {isa = PBXBuildFile; fileRef = A399945A209BBF2900BCE6E2 /* CarSoldViewController.swift */; };
/* End PBXBuildFile section */

/* Begin PBXFileReference section */
		06B0160F1375B93B9B05C7DE /* Pods-CarsRealm.release.xcconfig */ = {isa = PBXFileReference; includeInIndex = 1; lastKnownFileType = text.xcconfig; name = "Pods-CarsRealm.release.xcconfig"; path = "Pods/Target Support Files/Pods-CarsRealm/Pods-CarsRealm.release.xcconfig"; sourceTree = "<group>"; };
		5BC96F25BBE11DB27371D25E /* Pods_CarsRealm.framework */ = {isa = PBXFileReference; explicitFileType = wrapper.framework; includeInIndex = 0; path = Pods_CarsRealm.framework; sourceTree = BUILT_PRODUCTS_DIR; };
		A361701B2098EF3C00B75875 /* CarsRealm.app */ = {isa = PBXFileReference; explicitFileType = wrapper.application; includeInIndex = 0; path = CarsRealm.app; sourceTree = BUILT_PRODUCTS_DIR; };
		A361701E2098EF3C00B75875 /* AppDelegate.swift */ = {isa = PBXFileReference; lastKnownFileType = sourcecode.swift; path = AppDelegate.swift; sourceTree = "<group>"; };
		A36170232098EF3C00B75875 /* Base */ = {isa = PBXFileReference; lastKnownFileType = file.storyboard; name = Base; path = Base.lproj/Main.storyboard; sourceTree = "<group>"; };
		A36170252098EF3C00B75875 /* Assets.xcassets */ = {isa = PBXFileReference; lastKnownFileType = folder.assetcatalog; path = Assets.xcassets; sourceTree = "<group>"; };
		A36170282098EF3C00B75875 /* Base */ = {isa = PBXFileReference; lastKnownFileType = file.storyboard; name = Base; path = Base.lproj/LaunchScreen.storyboard; sourceTree = "<group>"; };
		A361702A2098EF3C00B75875 /* Info.plist */ = {isa = PBXFileReference; lastKnownFileType = text.plist.xml; path = Info.plist; sourceTree = "<group>"; };
		A36170322098F45300B75875 /* MainViewController.swift */ = {isa = PBXFileReference; lastKnownFileType = sourcecode.swift; path = MainViewController.swift; sourceTree = "<group>"; };
		A36170342098F46300B75875 /* AddViewController.swift */ = {isa = PBXFileReference; lastKnownFileType = sourcecode.swift; path = AddViewController.swift; sourceTree = "<group>"; };
		A36170362098F46F00B75875 /* FilterViewController.swift */ = {isa = PBXFileReference; lastKnownFileType = sourcecode.swift; path = FilterViewController.swift; sourceTree = "<group>"; };
		A36170382098F4BF00B75875 /* CarTableViewCell.swift */ = {isa = PBXFileReference; lastKnownFileType = sourcecode.swift; path = CarTableViewCell.swift; sourceTree = "<group>"; };
		A361703A2098F5BF00B75875 /* Car.swift */ = {isa = PBXFileReference; lastKnownFileType = sourcecode.swift; path = Car.swift; sourceTree = "<group>"; };
		A361703C2098FD1200B75875 /* DataController.swift */ = {isa = PBXFileReference; lastKnownFileType = sourcecode.swift; path = DataController.swift; sourceTree = "<group>"; };
		A3929BC1209A5AF50034A710 /* MigrationHandler.swift */ = {isa = PBXFileReference; lastKnownFileType = sourcecode.swift; path = MigrationHandler.swift; sourceTree = "<group>"; };
		A3929BC3209A615D0034A710 /* MigrationOne.swift */ = {isa = PBXFileReference; lastKnownFileType = sourcecode.swift; path = MigrationOne.swift; sourceTree = "<group>"; };
		A3999458209BBE5800BCE6E2 /* SoldCarTableViewCell.swift */ = {isa = PBXFileReference; lastKnownFileType = sourcecode.swift; path = SoldCarTableViewCell.swift; sourceTree = "<group>"; };
		A399945A209BBF2900BCE6E2 /* CarSoldViewController.swift */ = {isa = PBXFileReference; lastKnownFileType = sourcecode.swift; path = CarSoldViewController.swift; sourceTree = "<group>"; };
		B9D28469A749CB10D589EE72 /* Pods-CarsRealm.debug.xcconfig */ = {isa = PBXFileReference; includeInIndex = 1; lastKnownFileType = text.xcconfig; name = "Pods-CarsRealm.debug.xcconfig"; path = "Pods/Target Support Files/Pods-CarsRealm/Pods-CarsRealm.debug.xcconfig"; sourceTree = "<group>"; };
/* End PBXFileReference section */

/* Begin PBXFrameworksBuildPhase section */
		A36170182098EF3C00B75875 /* Frameworks */ = {
			isa = PBXFrameworksBuildPhase;
			buildActionMask = 2147483647;
			files = (
				2116694527059247F16085D6 /* Pods_CarsRealm.framework in Frameworks */,
			);
			runOnlyForDeploymentPostprocessing = 0;
		};
/* End PBXFrameworksBuildPhase section */

/* Begin PBXGroup section */
		4E2BFF49DA266C21740C9EDC /* Pods */ = {
			isa = PBXGroup;
			children = (
				B9D28469A749CB10D589EE72 /* Pods-CarsRealm.debug.xcconfig */,
				06B0160F1375B93B9B05C7DE /* Pods-CarsRealm.release.xcconfig */,
			);
			name = Pods;
			sourceTree = "<group>";
		};
		A36170122098EF3C00B75875 = {
			isa = PBXGroup;
			children = (
				A361701D2098EF3C00B75875 /* CarsRealm */,
				A361701C2098EF3C00B75875 /* Products */,
				4E2BFF49DA266C21740C9EDC /* Pods */,
				CF70E95AD94D99E97126DA76 /* Frameworks */,
			);
			sourceTree = "<group>";
		};
		A361701C2098EF3C00B75875 /* Products */ = {
			isa = PBXGroup;
			children = (
				A361701B2098EF3C00B75875 /* CarsRealm.app */,
			);
			name = Products;
			sourceTree = "<group>";
		};
		A361701D2098EF3C00B75875 /* CarsRealm */ = {
			isa = PBXGroup;
			children = (
				A361701E2098EF3C00B75875 /* AppDelegate.swift */,
				A36170222098EF3C00B75875 /* Main.storyboard */,
				A36170402099206B00B75875 /* Models */,
				A36170412099207600B75875 /* Realm */,
				A36170422099208800B75875 /* ViewControllers */,
				A36170432099209400B75875 /* TableviewCell */,
				A36170252098EF3C00B75875 /* Assets.xcassets */,
				A36170272098EF3C00B75875 /* LaunchScreen.storyboard */,
				A361702A2098EF3C00B75875 /* Info.plist */,
			);
			path = CarsRealm;
			sourceTree = "<group>";
		};
		A36170402099206B00B75875 /* Models */ = {
			isa = PBXGroup;
			children = (
				A361703A2098F5BF00B75875 /* Car.swift */,
			);
			path = Models;
			sourceTree = "<group>";
		};
		A36170412099207600B75875 /* Realm */ = {
			isa = PBXGroup;
			children = (
				A361703C2098FD1200B75875 /* DataController.swift */,
				A3929BC1209A5AF50034A710 /* MigrationHandler.swift */,
				A3929BC3209A615D0034A710 /* MigrationOne.swift */,
			);
			path = Realm;
			sourceTree = "<group>";
		};
		A36170422099208800B75875 /* ViewControllers */ = {
			isa = PBXGroup;
			children = (
				A36170322098F45300B75875 /* MainViewController.swift */,
				A36170342098F46300B75875 /* AddViewController.swift */,
				A36170362098F46F00B75875 /* FilterViewController.swift */,
				A399945A209BBF2900BCE6E2 /* CarSoldViewController.swift */,
			);
			path = ViewControllers;
			sourceTree = "<group>";
		};
		A36170432099209400B75875 /* TableviewCell */ = {
			isa = PBXGroup;
			children = (
				A36170382098F4BF00B75875 /* CarTableViewCell.swift */,
				A3999458209BBE5800BCE6E2 /* SoldCarTableViewCell.swift */,
			);
			path = TableviewCell;
			sourceTree = "<group>";
		};
		CF70E95AD94D99E97126DA76 /* Frameworks */ = {
			isa = PBXGroup;
			children = (
				5BC96F25BBE11DB27371D25E /* Pods_CarsRealm.framework */,
			);
			name = Frameworks;
			sourceTree = "<group>";
		};
/* End PBXGroup section */

/* Begin PBXNativeTarget section */
		A361701A2098EF3C00B75875 /* CarsRealm */ = {
			isa = PBXNativeTarget;
			buildConfigurationList = A361702D2098EF3C00B75875 /* Build configuration list for PBXNativeTarget "CarsRealm" */;
			buildPhases = (
				7408910D0827E448CB043E6B /* [CP] Check Pods Manifest.lock */,
				A36170172098EF3C00B75875 /* Sources */,
				A36170182098EF3C00B75875 /* Frameworks */,
				A36170192098EF3C00B75875 /* Resources */,
				448460E59DE4649F800015C3 /* [CP] Embed Pods Frameworks */,
				CFBEF4F33E8B00172C027F8C /* [CP] Copy Pods Resources */,
			);
			buildRules = (
			);
			dependencies = (
			);
			name = CarsRealm;
			productName = CarsRealm;
			productReference = A361701B2098EF3C00B75875 /* CarsRealm.app */;
			productType = "com.apple.product-type.application";
		};
/* End PBXNativeTarget section */

/* Begin PBXProject section */
		A36170132098EF3C00B75875 /* Project object */ = {
			isa = PBXProject;
			attributes = {
				LastSwiftUpdateCheck = 0920;
				LastUpgradeCheck = 0920;
				ORGANIZATIONNAME = "Patrick Pahl";
				TargetAttributes = {
					A361701A2098EF3C00B75875 = {
						CreatedOnToolsVersion = 9.2;
						ProvisioningStyle = Automatic;
					};
				};
			};
			buildConfigurationList = A36170162098EF3C00B75875 /* Build configuration list for PBXProject "CarsRealm" */;
			compatibilityVersion = "Xcode 8.0";
			developmentRegion = en;
			hasScannedForEncodings = 0;
			knownRegions = (
				en,
				Base,
			);
			mainGroup = A36170122098EF3C00B75875;
			productRefGroup = A361701C2098EF3C00B75875 /* Products */;
			projectDirPath = "";
			projectRoot = "";
			targets = (
				A361701A2098EF3C00B75875 /* CarsRealm */,
			);
		};
/* End PBXProject section */

/* Begin PBXResourcesBuildPhase section */
		A36170192098EF3C00B75875 /* Resources */ = {
			isa = PBXResourcesBuildPhase;
			buildActionMask = 2147483647;
			files = (
				A36170292098EF3C00B75875 /* LaunchScreen.storyboard in Resources */,
				A36170262098EF3C00B75875 /* Assets.xcassets in Resources */,
				A36170242098EF3C00B75875 /* Main.storyboard in Resources */,
			);
			runOnlyForDeploymentPostprocessing = 0;
		};
/* End PBXResourcesBuildPhase section */

/* Begin PBXShellScriptBuildPhase section */
		448460E59DE4649F800015C3 /* [CP] Embed Pods Frameworks */ = {
			isa = PBXShellScriptBuildPhase;
			buildActionMask = 2147483647;
			files = (
			);
			inputPaths = (
				"${SRCROOT}/Pods/Target Support Files/Pods-CarsRealm/Pods-CarsRealm-frameworks.sh",
				"${BUILT_PRODUCTS_DIR}/Realm/Realm.framework",
				"${BUILT_PRODUCTS_DIR}/RealmSwift/RealmSwift.framework",
			);
			name = "[CP] Embed Pods Frameworks";
			outputPaths = (
				"${TARGET_BUILD_DIR}/${FRAMEWORKS_FOLDER_PATH}/Realm.framework",
				"${TARGET_BUILD_DIR}/${FRAMEWORKS_FOLDER_PATH}/RealmSwift.framework",
			);
			runOnlyForDeploymentPostprocessing = 0;
			shellPath = /bin/sh;
			shellScript = "\"${SRCROOT}/Pods/Target Support Files/Pods-CarsRealm/Pods-CarsRealm-frameworks.sh\"\n";
			showEnvVarsInLog = 0;
		};
		7408910D0827E448CB043E6B /* [CP] Check Pods Manifest.lock */ = {
			isa = PBXShellScriptBuildPhase;
			buildActionMask = 2147483647;
			files = (
			);
			inputPaths = (
				"${PODS_PODFILE_DIR_PATH}/Podfile.lock",
				"${PODS_ROOT}/Manifest.lock",
			);
			name = "[CP] Check Pods Manifest.lock";
			outputPaths = (
				"$(DERIVED_FILE_DIR)/Pods-CarsRealm-checkManifestLockResult.txt",
			);
			runOnlyForDeploymentPostprocessing = 0;
			shellPath = /bin/sh;
			shellScript = "diff \"${PODS_PODFILE_DIR_PATH}/Podfile.lock\" \"${PODS_ROOT}/Manifest.lock\" > /dev/null\nif [ $? != 0 ] ; then\n    # print error to STDERR\n    echo \"error: The sandbox is not in sync with the Podfile.lock. Run 'pod install' or update your CocoaPods installation.\" >&2\n    exit 1\nfi\n# This output is used by Xcode 'outputs' to avoid re-running this script phase.\necho \"SUCCESS\" > \"${SCRIPT_OUTPUT_FILE_0}\"\n";
			showEnvVarsInLog = 0;
		};
		CFBEF4F33E8B00172C027F8C /* [CP] Copy Pods Resources */ = {
			isa = PBXShellScriptBuildPhase;
			buildActionMask = 2147483647;
			files = (
			);
			inputPaths = (
			);
			name = "[CP] Copy Pods Resources";
			outputPaths = (
			);
			runOnlyForDeploymentPostprocessing = 0;
			shellPath = /bin/sh;
			shellScript = "\"${SRCROOT}/Pods/Target Support Files/Pods-CarsRealm/Pods-CarsRealm-resources.sh\"\n";
			showEnvVarsInLog = 0;
		};
/* End PBXShellScriptBuildPhase section */

/* Begin PBXSourcesBuildPhase section */
		A36170172098EF3C00B75875 /* Sources */ = {
			isa = PBXSourcesBuildPhase;
			buildActionMask = 2147483647;
			files = (
				A361703D2098FD1200B75875 /* DataController.swift in Sources */,
				A3929BC2209A5AF50034A710 /* MigrationHandler.swift in Sources */,
				A3999459209BBE5800BCE6E2 /* SoldCarTableViewCell.swift in Sources */,
				A399945B209BBF2900BCE6E2 /* CarSoldViewController.swift in Sources */,
				A361701F2098EF3C00B75875 /* AppDelegate.swift in Sources */,
				A36170332098F45300B75875 /* MainViewController.swift in Sources */,
				A361703B2098F5BF00B75875 /* Car.swift in Sources */,
				A3929BC4209A615D0034A710 /* MigrationOne.swift in Sources */,
				A36170352098F46300B75875 /* AddViewController.swift in Sources */,
				A36170372098F46F00B75875 /* FilterViewController.swift in Sources */,
				A36170392098F4BF00B75875 /* CarTableViewCell.swift in Sources */,
			);
			runOnlyForDeploymentPostprocessing = 0;
		};
/* End PBXSourcesBuildPhase section */

/* Begin PBXVariantGroup section */
		A36170222098EF3C00B75875 /* Main.storyboard */ = {
			isa = PBXVariantGroup;
			children = (
				A36170232098EF3C00B75875 /* Base */,
			);
			name = Main.storyboard;
			sourceTree = "<group>";
		};
		A36170272098EF3C00B75875 /* LaunchScreen.storyboard */ = {
			isa = PBXVariantGroup;
			children = (
				A36170282098EF3C00B75875 /* Base */,
			);
			name = LaunchScreen.storyboard;
			sourceTree = "<group>";
		};
/* End PBXVariantGroup section */

/* Begin XCBuildConfiguration section */
		A361702B2098EF3C00B75875 /* Debug */ = {
			isa = XCBuildConfiguration;
			buildSettings = {
				ALWAYS_SEARCH_USER_PATHS = NO;
				CLANG_ANALYZER_NONNULL = YES;
				CLANG_ANALYZER_NUMBER_OBJECT_CONVERSION = YES_AGGRESSIVE;
				CLANG_CXX_LANGUAGE_STANDARD = "gnu++14";
				CLANG_CXX_LIBRARY = "libc++";
				CLANG_ENABLE_MODULES = YES;
				CLANG_ENABLE_OBJC_ARC = YES;
				CLANG_WARN_BLOCK_CAPTURE_AUTORELEASING = YES;
				CLANG_WARN_BOOL_CONVERSION = YES;
				CLANG_WARN_COMMA = YES;
				CLANG_WARN_CONSTANT_CONVERSION = YES;
				CLANG_WARN_DIRECT_OBJC_ISA_USAGE = YES_ERROR;
				CLANG_WARN_DOCUMENTATION_COMMENTS = YES;
				CLANG_WARN_EMPTY_BODY = YES;
				CLANG_WARN_ENUM_CONVERSION = YES;
				CLANG_WARN_INFINITE_RECURSION = YES;
				CLANG_WARN_INT_CONVERSION = YES;
				CLANG_WARN_NON_LITERAL_NULL_CONVERSION = YES;
				CLANG_WARN_OBJC_LITERAL_CONVERSION = YES;
				CLANG_WARN_OBJC_ROOT_CLASS = YES_ERROR;
				CLANG_WARN_RANGE_LOOP_ANALYSIS = YES;
				CLANG_WARN_STRICT_PROTOTYPES = YES;
				CLANG_WARN_SUSPICIOUS_MOVE = YES;
				CLANG_WARN_UNGUARDED_AVAILABILITY = YES_AGGRESSIVE;
				CLANG_WARN_UNREACHABLE_CODE = YES;
				CLANG_WARN__DUPLICATE_METHOD_MATCH = YES;
				CODE_SIGN_IDENTITY = "iPhone Developer";
				COPY_PHASE_STRIP = NO;
				DEBUG_INFORMATION_FORMAT = dwarf;
				ENABLE_STRICT_OBJC_MSGSEND = YES;
				ENABLE_TESTABILITY = YES;
				GCC_C_LANGUAGE_STANDARD = gnu11;
				GCC_DYNAMIC_NO_PIC = NO;
				GCC_NO_COMMON_BLOCKS = YES;
				GCC_OPTIMIZATION_LEVEL = 0;
				GCC_PREPROCESSOR_DEFINITIONS = (
					"DEBUG=1",
					"$(inherited)",
				);
				GCC_WARN_64_TO_32_BIT_CONVERSION = YES;
				GCC_WARN_ABOUT_RETURN_TYPE = YES_ERROR;
				GCC_WARN_UNDECLARED_SELECTOR = YES;
				GCC_WARN_UNINITIALIZED_AUTOS = YES_AGGRESSIVE;
				GCC_WARN_UNUSED_FUNCTION = YES;
				GCC_WARN_UNUSED_VARIABLE = YES;
				IPHONEOS_DEPLOYMENT_TARGET = 11.2;
				MTL_ENABLE_DEBUG_INFO = YES;
				ONLY_ACTIVE_ARCH = YES;
				SDKROOT = iphoneos;
				SWIFT_ACTIVE_COMPILATION_CONDITIONS = DEBUG;
				SWIFT_OPTIMIZATION_LEVEL = "-Onone";
			};
			name = Debug;
		};
		A361702C2098EF3C00B75875 /* Release */ = {
			isa = XCBuildConfiguration;
			buildSettings = {
				ALWAYS_SEARCH_USER_PATHS = NO;
				CLANG_ANALYZER_NONNULL = YES;
				CLANG_ANALYZER_NUMBER_OBJECT_CONVERSION = YES_AGGRESSIVE;
				CLANG_CXX_LANGUAGE_STANDARD = "gnu++14";
				CLANG_CXX_LIBRARY = "libc++";
				CLANG_ENABLE_MODULES = YES;
				CLANG_ENABLE_OBJC_ARC = YES;
				CLANG_WARN_BLOCK_CAPTURE_AUTORELEASING = YES;
				CLANG_WARN_BOOL_CONVERSION = YES;
				CLANG_WARN_COMMA = YES;
				CLANG_WARN_CONSTANT_CONVERSION = YES;
				CLANG_WARN_DIRECT_OBJC_ISA_USAGE = YES_ERROR;
				CLANG_WARN_DOCUMENTATION_COMMENTS = YES;
				CLANG_WARN_EMPTY_BODY = YES;
				CLANG_WARN_ENUM_CONVERSION = YES;
				CLANG_WARN_INFINITE_RECURSION = YES;
				CLANG_WARN_INT_CONVERSION = YES;
				CLANG_WARN_NON_LITERAL_NULL_CONVERSION = YES;
				CLANG_WARN_OBJC_LITERAL_CONVERSION = YES;
				CLANG_WARN_OBJC_ROOT_CLASS = YES_ERROR;
				CLANG_WARN_RANGE_LOOP_ANALYSIS = YES;
				CLANG_WARN_STRICT_PROTOTYPES = YES;
				CLANG_WARN_SUSPICIOUS_MOVE = YES;
				CLANG_WARN_UNGUARDED_AVAILABILITY = YES_AGGRESSIVE;
				CLANG_WARN_UNREACHABLE_CODE = YES;
				CLANG_WARN__DUPLICATE_METHOD_MATCH = YES;
				CODE_SIGN_IDENTITY = "iPhone Developer";
				COPY_PHASE_STRIP = NO;
				DEBUG_INFORMATION_FORMAT = "dwarf-with-dsym";
				ENABLE_NS_ASSERTIONS = NO;
				ENABLE_STRICT_OBJC_MSGSEND = YES;
				GCC_C_LANGUAGE_STANDARD = gnu11;
				GCC_NO_COMMON_BLOCKS = YES;
				GCC_WARN_64_TO_32_BIT_CONVERSION = YES;
				GCC_WARN_ABOUT_RETURN_TYPE = YES_ERROR;
				GCC_WARN_UNDECLARED_SELECTOR = YES;
				GCC_WARN_UNINITIALIZED_AUTOS = YES_AGGRESSIVE;
				GCC_WARN_UNUSED_FUNCTION = YES;
				GCC_WARN_UNUSED_VARIABLE = YES;
				IPHONEOS_DEPLOYMENT_TARGET = 11.2;
				MTL_ENABLE_DEBUG_INFO = NO;
				SDKROOT = iphoneos;
				SWIFT_OPTIMIZATION_LEVEL = "-Owholemodule";
				VALIDATE_PRODUCT = YES;
			};
			name = Release;
		};
		A361702E2098EF3C00B75875 /* Debug */ = {
			isa = XCBuildConfiguration;
			baseConfigurationReference = B9D28469A749CB10D589EE72 /* Pods-CarsRealm.debug.xcconfig */;
			buildSettings = {
				ASSETCATALOG_COMPILER_APPICON_NAME = AppIcon;
				CODE_SIGN_STYLE = Automatic;
				DEVELOPMENT_TEAM = 7V9H5ZK35E;
				INFOPLIST_FILE = CarsRealm/Info.plist;
				LD_RUNPATH_SEARCH_PATHS = "$(inherited) @executable_path/Frameworks";
				PRODUCT_BUNDLE_IDENTIFIER = "com.Patrick-Pahl.CarsRealm";
				PRODUCT_NAME = "$(TARGET_NAME)";
				SWIFT_VERSION = 4.0;
				TARGETED_DEVICE_FAMILY = "1,2";
			};
			name = Debug;
		};
		A361702F2098EF3C00B75875 /* Release */ = {
			isa = XCBuildConfiguration;
			baseConfigurationReference = 06B0160F1375B93B9B05C7DE /* Pods-CarsRealm.release.xcconfig */;
			buildSettings = {
				ASSETCATALOG_COMPILER_APPICON_NAME = AppIcon;
				CODE_SIGN_STYLE = Automatic;
				DEVELOPMENT_TEAM = 7V9H5ZK35E;
				INFOPLIST_FILE = CarsRealm/Info.plist;
				LD_RUNPATH_SEARCH_PATHS = "$(inherited) @executable_path/Frameworks";
				PRODUCT_BUNDLE_IDENTIFIER = "com.Patrick-Pahl.CarsRealm";
				PRODUCT_NAME = "$(TARGET_NAME)";
				SWIFT_VERSION = 4.0;
				TARGETED_DEVICE_FAMILY = "1,2";
			};
			name = Release;
		};
/* End XCBuildConfiguration section */

/* Begin XCConfigurationList section */
		A36170162098EF3C00B75875 /* Build configuration list for PBXProject "CarsRealm" */ = {
			isa = XCConfigurationList;
			buildConfigurations = (
				A361702B2098EF3C00B75875 /* Debug */,
				A361702C2098EF3C00B75875 /* Release */,
			);
			defaultConfigurationIsVisible = 0;
			defaultConfigurationName = Release;
		};
		A361702D2098EF3C00B75875 /* Build configuration list for PBXNativeTarget "CarsRealm" */ = {
			isa = XCConfigurationList;
			buildConfigurations = (
				A361702E2098EF3C00B75875 /* Debug */,
				A361702F2098EF3C00B75875 /* Release */,
			);
			defaultConfigurationIsVisible = 0;
			defaultConfigurationName = Release;
		};
/* End XCConfigurationList section */
	};
	rootObject = A36170132098EF3C00B75875 /* Project object */;
}
